
Microsoft Visual Studio Solution File, Format Version 12.00
# Visual Studio Version 17
VisualStudioVersion = 17.2.32516.85
MinimumVisualStudioVersion = 10.0.40219.1
Project("{FAE04EC0-301F-11D3-BF4B-00C04F79EFBC}") = "DetergentDoseCalculator", "DetergentDoseCalculator.csproj", "{7C669E6E-0154-4840-84AE-3609714118BF}"
EndProject
Global
	GlobalSection(SolutionConfigurationPlatforms) = preSolution
		Debug|Any CPU = Debug|Any CPU
		Release|Any CPU = Release|Any CPU
	EndGlobalSection
	GlobalSection(ProjectConfigurationPlatforms) = postSolution
		{7C669E6E-0154-4840-84AE-3609714118BF}.Debug|Any CPU.ActiveCfg = Debug|Any CPU
		{7C669E6E-0154-4840-84AE-3609714118BF}.Debug|Any CPU.Build.0 = Debug|Any CPU
		{7C669E6E-0154-4840-84AE-3609714118BF}.Release|Any CPU.ActiveCfg = Release|Any CPU
		{7C669E6E-0154-4840-84AE-3609714118BF}.Release|Any CPU.Build.0 = Release|Any CPU
	EndGlobalSection
	GlobalSection(SolutionProperties) = preSolution
		HideSolutionNode = FALSE
	EndGlobalSection
	GlobalSection(ExtensibilityGlobals) = postSolution
		SolutionGuid = {965DDA58-2892-4626-8CAB-CDD3D78E5578}
	EndGlobalSection
EndGlobal
