
Microsoft Visual Studio Solution File, Format Version 12.00
# Visual Studio Version 17
VisualStudioVersion = 17.2.32516.85
MinimumVisualStudioVersion = 10.0.40219.1
Project("{9A19103F-16F7-4668-BE54-9A1E7A4F7556}") = "DetergentDoseCalculator", "DetergentDoseCalculator.csproj", "{7C669E6E-0154-4840-84AE-3609714118BF}"
EndProject
Project("{2150E333-8FDC-42A3-9474-1A3956D46DE8}") = "Tests", "Tests", "{42E0C310-A21A-478B-AE8D-EC739B4139B9}"
EndProject
Project("{9A19103F-16F7-4668-BE54-9A1E7A4F7556}") = "DetergentTest", "DetergentTest\DetergentTest.csproj", "{3B9B1A4E-FB2F-4D1A-8B96-CC91BB115ACC}"
EndProject
Project("{2150E333-8FDC-42A3-9474-1A3956D46DE8}") = "Solution Items", "Solution Items", "{5E1578ED-A552-42E1-8BA0-3915C381B042}"
	ProjectSection(SolutionItems) = preProject
		.editorconfig = .editorconfig
	EndProjectSection
EndProject
Project("{FAE04EC0-301F-11D3-BF4B-00C04F79EFBC}") = "DetergentRepositoryTest", "DetergentRepositoryTest\DetergentRepositoryTest\DetergentRepositoryTest.csproj", "{940958A2-B01E-4424-8BCE-FE2EC02FFD19}"
EndProject
Global
	GlobalSection(SolutionConfigurationPlatforms) = preSolution
		Debug|Any CPU = Debug|Any CPU
		Release|Any CPU = Release|Any CPU
	EndGlobalSection
	GlobalSection(ProjectConfigurationPlatforms) = postSolution
		{7C669E6E-0154-4840-84AE-3609714118BF}.Debug|Any CPU.ActiveCfg = Debug|Any CPU
		{7C669E6E-0154-4840-84AE-3609714118BF}.Debug|Any CPU.Build.0 = Debug|Any CPU
		{7C669E6E-0154-4840-84AE-3609714118BF}.Release|Any CPU.ActiveCfg = Release|Any CPU
		{7C669E6E-0154-4840-84AE-3609714118BF}.Release|Any CPU.Build.0 = Release|Any CPU
		{3B9B1A4E-FB2F-4D1A-8B96-CC91BB115ACC}.Debug|Any CPU.ActiveCfg = Debug|Any CPU
		{3B9B1A4E-FB2F-4D1A-8B96-CC91BB115ACC}.Debug|Any CPU.Build.0 = Debug|Any CPU
		{3B9B1A4E-FB2F-4D1A-8B96-CC91BB115ACC}.Release|Any CPU.ActiveCfg = Release|Any CPU
		{3B9B1A4E-FB2F-4D1A-8B96-CC91BB115ACC}.Release|Any CPU.Build.0 = Release|Any CPU
		{940958A2-B01E-4424-8BCE-FE2EC02FFD19}.Debug|Any CPU.ActiveCfg = Debug|Any CPU
		{940958A2-B01E-4424-8BCE-FE2EC02FFD19}.Debug|Any CPU.Build.0 = Debug|Any CPU
		{940958A2-B01E-4424-8BCE-FE2EC02FFD19}.Release|Any CPU.ActiveCfg = Release|Any CPU
		{940958A2-B01E-4424-8BCE-FE2EC02FFD19}.Release|Any CPU.Build.0 = Release|Any CPU
	EndGlobalSection
	GlobalSection(SolutionProperties) = preSolution
		HideSolutionNode = FALSE
	EndGlobalSection
	GlobalSection(NestedProjects) = preSolution
		{3B9B1A4E-FB2F-4D1A-8B96-CC91BB115ACC} = {42E0C310-A21A-478B-AE8D-EC739B4139B9}
		{940958A2-B01E-4424-8BCE-FE2EC02FFD19} = {42E0C310-A21A-478B-AE8D-EC739B4139B9}
	EndGlobalSection
	GlobalSection(ExtensibilityGlobals) = postSolution
		SolutionGuid = {965DDA58-2892-4626-8CAB-CDD3D78E5578}
	EndGlobalSection
EndGlobal
